// !$*UTF8*$!
{
	archiveVersion = 1;
	classes = {
	};
	objectVersion = 50;
	objects = {

/* Begin PBXBuildFile section */
		F6032E7B24F3B91C00B65B43 /* AppDelegate.swift in Sources */ = {isa = PBXBuildFile; fileRef = F6032E7A24F3B91C00B65B43 /* AppDelegate.swift */; };
		F6032E7D24F3B91C00B65B43 /* SceneDelegate.swift in Sources */ = {isa = PBXBuildFile; fileRef = F6032E7C24F3B91C00B65B43 /* SceneDelegate.swift */; };
		F6032E7F24F3B91C00B65B43 /* ContentView.swift in Sources */ = {isa = PBXBuildFile; fileRef = F6032E7E24F3B91C00B65B43 /* ContentView.swift */; };
		F6032E8124F3B92100B65B43 /* Assets.xcassets in Resources */ = {isa = PBXBuildFile; fileRef = F6032E8024F3B92100B65B43 /* Assets.xcassets */; };
		F6032E8424F3B92100B65B43 /* Preview Assets.xcassets in Resources */ = {isa = PBXBuildFile; fileRef = F6032E8324F3B92100B65B43 /* Preview Assets.xcassets */; };
		F6032E8724F3B92100B65B43 /* LaunchScreen.storyboard in Resources */ = {isa = PBXBuildFile; fileRef = F6032E8524F3B92100B65B43 /* LaunchScreen.storyboard */; };
		F6032E8F24F3E90D00B65B43 /* CircleImage.swift in Sources */ = {isa = PBXBuildFile; fileRef = F6032E8E24F3E90D00B65B43 /* CircleImage.swift */; };
		F6032E9124F3F6C800B65B43 /* MapView.swift in Sources */ = {isa = PBXBuildFile; fileRef = F6032E9024F3F6C800B65B43 /* MapView.swift */; };
/* End PBXBuildFile section */

/* Begin PBXFileReference section */
		F6032E7724F3B91C00B65B43 /* SwiftUITrying.app */ = {isa = PBXFileReference; explicitFileType = wrapper.application; includeInIndex = 0; path = SwiftUITrying.app; sourceTree = BUILT_PRODUCTS_DIR; };
		F6032E7A24F3B91C00B65B43 /* AppDelegate.swift */ = {isa = PBXFileReference; lastKnownFileType = sourcecode.swift; path = AppDelegate.swift; sourceTree = "<group>"; };
		F6032E7C24F3B91C00B65B43 /* SceneDelegate.swift */ = {isa = PBXFileReference; lastKnownFileType = sourcecode.swift; path = SceneDelegate.swift; sourceTree = "<group>"; };
		F6032E7E24F3B91C00B65B43 /* ContentView.swift */ = {isa = PBXFileReference; lastKnownFileType = sourcecode.swift; path = ContentView.swift; sourceTree = "<group>"; };
		F6032E8024F3B92100B65B43 /* Assets.xcassets */ = {isa = PBXFileReference; lastKnownFileType = folder.assetcatalog; path = Assets.xcassets; sourceTree = "<group>"; };
		F6032E8324F3B92100B65B43 /* Preview Assets.xcassets */ = {isa = PBXFileReference; lastKnownFileType = folder.assetcatalog; path = "Preview Assets.xcassets"; sourceTree = "<group>"; };
		F6032E8624F3B92100B65B43 /* Base */ = {isa = PBXFileReference; lastKnownFileType = file.storyboard; name = Base; path = Base.lproj/LaunchScreen.storyboard; sourceTree = "<group>"; };
		F6032E8824F3B92100B65B43 /* Info.plist */ = {isa = PBXFileReference; lastKnownFileType = text.plist.xml; path = Info.plist; sourceTree = "<group>"; };
		F6032E8E24F3E90D00B65B43 /* CircleImage.swift */ = {isa = PBXFileReference; lastKnownFileType = sourcecode.swift; path = CircleImage.swift; sourceTree = "<group>"; };
		F6032E9024F3F6C800B65B43 /* MapView.swift */ = {isa = PBXFileReference; lastKnownFileType = sourcecode.swift; path = MapView.swift; sourceTree = "<group>"; };
/* End PBXFileReference section */

/* Begin PBXFrameworksBuildPhase section */
		F6032E7424F3B91C00B65B43 /* Frameworks */ = {
			isa = PBXFrameworksBuildPhase;
			buildActionMask = 2147483647;
			files = (
			);
			runOnlyForDeploymentPostprocessing = 0;
		};
/* End PBXFrameworksBuildPhase section */

/* Begin PBXGroup section */
		F6032E6E24F3B91C00B65B43 = {
			isa = PBXGroup;
			children = (
				F6032E7924F3B91C00B65B43 /* SwiftUITrying */,
				F6032E7824F3B91C00B65B43 /* Products */,
			);
			sourceTree = "<group>";
		};
		F6032E7824F3B91C00B65B43 /* Products */ = {
			isa = PBXGroup;
			children = (
				F6032E7724F3B91C00B65B43 /* SwiftUITrying.app */,
			);
			name = Products;
			sourceTree = "<group>";
		};
		F6032E7924F3B91C00B65B43 /* SwiftUITrying */ = {
			isa = PBXGroup;
			children = (
				F6032E7A24F3B91C00B65B43 /* AppDelegate.swift */,
				F6032E7C24F3B91C00B65B43 /* SceneDelegate.swift */,
				F6032E7E24F3B91C00B65B43 /* ContentView.swift */,
				F6032E8024F3B92100B65B43 /* Assets.xcassets */,
				F6032E8524F3B92100B65B43 /* LaunchScreen.storyboard */,
				F6032E8824F3B92100B65B43 /* Info.plist */,
				F6032E8224F3B92100B65B43 /* Preview Content */,
				F6032E8E24F3E90D00B65B43 /* CircleImage.swift */,
				F6032E9024F3F6C800B65B43 /* MapView.swift */,
			);
			path = SwiftUITrying;
			sourceTree = "<group>";
		};
		F6032E8224F3B92100B65B43 /* Preview Content */ = {
			isa = PBXGroup;
			children = (
				F6032E8324F3B92100B65B43 /* Preview Assets.xcassets */,
			);
			path = "Preview Content";
			sourceTree = "<group>";
		};
/* End PBXGroup section */

/* Begin PBXNativeTarget section */
		F6032E7624F3B91C00B65B43 /* SwiftUITrying */ = {
			isa = PBXNativeTarget;
			buildConfigurationList = F6032E8B24F3B92100B65B43 /* Build configuration list for PBXNativeTarget "SwiftUITrying" */;
			buildPhases = (
				F6032E7324F3B91C00B65B43 /* Sources */,
				F6032E7424F3B91C00B65B43 /* Frameworks */,
				F6032E7524F3B91C00B65B43 /* Resources */,
			);
			buildRules = (
			);
			dependencies = (
			);
			name = SwiftUITrying;
			productName = SwiftUITrying;
			productReference = F6032E7724F3B91C00B65B43 /* SwiftUITrying.app */;
			productType = "com.apple.product-type.application";
		};
/* End PBXNativeTarget section */

/* Begin PBXProject section */
		F6032E6F24F3B91C00B65B43 /* Project object */ = {
			isa = PBXProject;
			attributes = {
				LastSwiftUpdateCheck = 1150;
				LastUpgradeCheck = 1150;
				ORGANIZATIONNAME = "Evren Vural";
				TargetAttributes = {
					F6032E7624F3B91C00B65B43 = {
						CreatedOnToolsVersion = 11.5;
					};
				};
			};
			buildConfigurationList = F6032E7224F3B91C00B65B43 /* Build configuration list for PBXProject "SwiftUITrying" */;
			compatibilityVersion = "Xcode 9.3";
			developmentRegion = en;
			hasScannedForEncodings = 0;
			knownRegions = (
				en,
				Base,
			);
			mainGroup = F6032E6E24F3B91C00B65B43;
			productRefGroup = F6032E7824F3B91C00B65B43 /* Products */;
			projectDirPath = "";
			projectRoot = "";
			targets = (
				F6032E7624F3B91C00B65B43 /* SwiftUITrying */,
			);
		};
/* End PBXProject section */

/* Begin PBXResourcesBuildPhase section */
		F6032E7524F3B91C00B65B43 /* Resources */ = {
			isa = PBXResourcesBuildPhase;
			buildActionMask = 2147483647;
			files = (
				F6032E8724F3B92100B65B43 /* LaunchScreen.storyboard in Resources */,
				F6032E8424F3B92100B65B43 /* Preview Assets.xcassets in Resources */,
				F6032E8124F3B92100B65B43 /* Assets.xcassets in Resources */,
			);
			runOnlyForDeploymentPostprocessing = 0;
		};
/* End PBXResourcesBuildPhase section */

/* Begin PBXSourcesBuildPhase section */
		F6032E7324F3B91C00B65B43 /* Sources */ = {
			isa = PBXSourcesBuildPhase;
			buildActionMask = 2147483647;
			files = (
				F6032E7B24F3B91C00B65B43 /* AppDelegate.swift in Sources */,
				F6032E8F24F3E90D00B65B43 /* CircleImage.swift in Sources */,
				F6032E9124F3F6C800B65B43 /* MapView.swift in Sources */,
				F6032E7D24F3B91C00B65B43 /* SceneDelegate.swift in Sources */,
				F6032E7F24F3B91C00B65B43 /* ContentView.swift in Sources */,
			);
			runOnlyForDeploymentPostprocessing = 0;
		};
/* End PBXSourcesBuildPhase section */

/* Begin PBXVariantGroup section */
		F6032E8524F3B92100B65B43 /* LaunchScreen.storyboard */ = {
			isa = PBXVariantGroup;
			children = (
				F6032E8624F3B92100B65B43 /* Base */,
			);
			name = LaunchScreen.storyboard;
			sourceTree = "<group>";
		};
/* End PBXVariantGroup section */

/* Begin XCBuildConfiguration section */
		F6032E8924F3B92100B65B43 /* Debug */ = {
			isa = XCBuildConfiguration;
			buildSettings = {
				ALWAYS_SEARCH_USER_PATHS = NO;
				CLANG_ANALYZER_NONNULL = YES;
				CLANG_ANALYZER_NUMBER_OBJECT_CONVERSION = YES_AGGRESSIVE;
				CLANG_CXX_LANGUAGE_STANDARD = "gnu++14";
				CLANG_CXX_LIBRARY = "libc++";
				CLANG_ENABLE_MODULES = YES;
				CLANG_ENABLE_OBJC_ARC = YES;
				CLANG_ENABLE_OBJC_WEAK = YES;
				CLANG_WARN_BLOCK_CAPTURE_AUTORELEASING = YES;
				CLANG_WARN_BOOL_CONVERSION = YES;
				CLANG_WARN_COMMA = YES;
				CLANG_WARN_CONSTANT_CONVERSION = YES;
				CLANG_WARN_DEPRECATED_OBJC_IMPLEMENTATIONS = YES;
				CLANG_WARN_DIRECT_OBJC_ISA_USAGE = YES_ERROR;
				CLANG_WARN_DOCUMENTATION_COMMENTS = YES;
				CLANG_WARN_EMPTY_BODY = YES;
				CLANG_WARN_ENUM_CONVERSION = YES;
				CLANG_WARN_INFINITE_RECURSION = YES;
				CLANG_WARN_INT_CONVERSION = YES;
				CLANG_WARN_NON_LITERAL_NULL_CONVERSION = YES;
				CLANG_WARN_OBJC_IMPLICIT_RETAIN_SELF = YES;
				CLANG_WARN_OBJC_LITERAL_CONVERSION = YES;
				CLANG_WARN_OBJC_ROOT_CLASS = YES_ERROR;
				CLANG_WARN_RANGE_LOOP_ANALYSIS = YES;
				CLANG_WARN_STRICT_PROTOTYPES = YES;
				CLANG_WARN_SUSPICIOUS_MOVE = YES;
				CLANG_WARN_UNGUARDED_AVAILABILITY = YES_AGGRESSIVE;
				CLANG_WARN_UNREACHABLE_CODE = YES;
				CLANG_WARN__DUPLICATE_METHOD_MATCH = YES;
				COPY_PHASE_STRIP = NO;
				DEBUG_INFORMATION_FORMAT = dwarf;
				ENABLE_STRICT_OBJC_MSGSEND = YES;
				ENABLE_TESTABILITY = YES;
				GCC_C_LANGUAGE_STANDARD = gnu11;
				GCC_DYNAMIC_NO_PIC = NO;
				GCC_NO_COMMON_BLOCKS = YES;
				GCC_OPTIMIZATION_LEVEL = 0;
				GCC_PREPROCESSOR_DEFINITIONS = (
					"DEBUG=1",
					"$(inherited)",
				);
				GCC_WARN_64_TO_32_BIT_CONVERSION = YES;
				GCC_WARN_ABOUT_RETURN_TYPE = YES_ERROR;
				GCC_WARN_UNDECLARED_SELECTOR = YES;
				GCC_WARN_UNINITIALIZED_AUTOS = YES_AGGRESSIVE;
				GCC_WARN_UNUSED_FUNCTION = YES;
				GCC_WARN_UNUSED_VARIABLE = YES;
				IPHONEOS_DEPLOYMENT_TARGET = 13.5;
				MTL_ENABLE_DEBUG_INFO = INCLUDE_SOURCE;
				MTL_FAST_MATH = YES;
				ONLY_ACTIVE_ARCH = YES;
				SDKROOT = iphoneos;
				SWIFT_ACTIVE_COMPILATION_CONDITIONS = DEBUG;
				SWIFT_OPTIMIZATION_LEVEL = "-Onone";
			};
			name = Debug;
		};
		F6032E8A24F3B92100B65B43 /* Release */ = {
			isa = XCBuildConfiguration;
			buildSettings = {
				ALWAYS_SEARCH_USER_PATHS = NO;
				CLANG_ANALYZER_NONNULL = YES;
				CLANG_ANALYZER_NUMBER_OBJECT_CONVERSION = YES_AGGRESSIVE;
				CLANG_CXX_LANGUAGE_STANDARD = "gnu++14";
				CLANG_CXX_LIBRARY = "libc++";
				CLANG_ENABLE_MODULES = YES;
				CLANG_ENABLE_OBJC_ARC = YES;
				CLANG_ENABLE_OBJC_WEAK = YES;
				CLANG_WARN_BLOCK_CAPTURE_AUTORELEASING = YES;
				CLANG_WARN_BOOL_CONVERSION = YES;
				CLANG_WARN_COMMA = YES;
				CLANG_WARN_CONSTANT_CONVERSION = YES;
				CLANG_WARN_DEPRECATED_OBJC_IMPLEMENTATIONS = YES;
				CLANG_WARN_DIRECT_OBJC_ISA_USAGE = YES_ERROR;
				CLANG_WARN_DOCUMENTATION_COMMENTS = YES;
				CLANG_WARN_EMPTY_BODY = YES;
				CLANG_WARN_ENUM_CONVERSION = YES;
				CLANG_WARN_INFINITE_RECURSION = YES;
				CLANG_WARN_INT_CONVERSION = YES;
				CLANG_WARN_NON_LITERAL_NULL_CONVERSION = YES;
				CLANG_WARN_OBJC_IMPLICIT_RETAIN_SELF = YES;
				CLANG_WARN_OBJC_LITERAL_CONVERSION = YES;
				CLANG_WARN_OBJC_ROOT_CLASS = YES_ERROR;
				CLANG_WARN_RANGE_LOOP_ANALYSIS = YES;
				CLANG_WARN_STRICT_PROTOTYPES = YES;
				CLANG_WARN_SUSPICIOUS_MOVE = YES;
				CLANG_WARN_UNGUARDED_AVAILABILITY = YES_AGGRESSIVE;
				CLANG_WARN_UNREACHABLE_CODE = YES;
				CLANG_WARN__DUPLICATE_METHOD_MATCH = YES;
				COPY_PHASE_STRIP = NO;
				DEBUG_INFORMATION_FORMAT = "dwarf-with-dsym";
				ENABLE_NS_ASSERTIONS = NO;
				ENABLE_STRICT_OBJC_MSGSEND = YES;
				GCC_C_LANGUAGE_STANDARD = gnu11;
				GCC_NO_COMMON_BLOCKS = YES;
				GCC_WARN_64_TO_32_BIT_CONVERSION = YES;
				GCC_WARN_ABOUT_RETURN_TYPE = YES_ERROR;
				GCC_WARN_UNDECLARED_SELECTOR = YES;
				GCC_WARN_UNINITIALIZED_AUTOS = YES_AGGRESSIVE;
				GCC_WARN_UNUSED_FUNCTION = YES;
				GCC_WARN_UNUSED_VARIABLE = YES;
				IPHONEOS_DEPLOYMENT_TARGET = 13.5;
				MTL_ENABLE_DEBUG_INFO = NO;
				MTL_FAST_MATH = YES;
				SDKROOT = iphoneos;
				SWIFT_COMPILATION_MODE = wholemodule;
				SWIFT_OPTIMIZATION_LEVEL = "-O";
				VALIDATE_PRODUCT = YES;
			};
			name = Release;
		};
		F6032E8C24F3B92100B65B43 /* Debug */ = {
			isa = XCBuildConfiguration;
			buildSettings = {
				ASSETCATALOG_COMPILER_APPICON_NAME = AppIcon;
				CODE_SIGN_STYLE = Automatic;
				DEVELOPMENT_ASSET_PATHS = "\"SwiftUITrying/Preview Content\"";
				ENABLE_PREVIEWS = YES;
				INFOPLIST_FILE = SwiftUITrying/Info.plist;
				LD_RUNPATH_SEARCH_PATHS = (
					"$(inherited)",
					"@executable_path/Frameworks",
				);
				PRODUCT_BUNDLE_IDENTIFIER = com.grisales.SwiftUITrying;
				PRODUCT_NAME = "$(TARGET_NAME)";
				SWIFT_VERSION = 5.0;
				TARGETED_DEVICE_FAMILY = "1,2";
			};
			name = Debug;
		};
		F6032E8D24F3B92100B65B43 /* Release */ = {
			isa = XCBuildConfiguration;
			buildSettings = {
				ASSETCATALOG_COMPILER_APPICON_NAME = AppIcon;
				CODE_SIGN_STYLE = Automatic;
				DEVELOPMENT_ASSET_PATHS = "\"SwiftUITrying/Preview Content\"";
				ENABLE_PREVIEWS = YES;
				INFOPLIST_FILE = SwiftUITrying/Info.plist;
				LD_RUNPATH_SEARCH_PATHS = (
					"$(inherited)",
					"@executable_path/Frameworks",
				);
				PRODUCT_BUNDLE_IDENTIFIER = com.grisales.SwiftUITrying;
				PRODUCT_NAME = "$(TARGET_NAME)";
				SWIFT_VERSION = 5.0;
				TARGETED_DEVICE_FAMILY = "1,2";
			};
			name = Release;
		};
/* End XCBuildConfiguration section */

/* Begin XCConfigurationList section */
		F6032E7224F3B91C00B65B43 /* Build configuration list for PBXProject "SwiftUITrying" */ = {
			isa = XCConfigurationList;
			buildConfigurations = (
				F6032E8924F3B92100B65B43 /* Debug */,
				F6032E8A24F3B92100B65B43 /* Release */,
			);
			defaultConfigurationIsVisible = 0;
			defaultConfigurationName = Release;
		};
		F6032E8B24F3B92100B65B43 /* Build configuration list for PBXNativeTarget "SwiftUITrying" */ = {
			isa = XCConfigurationList;
			buildConfigurations = (
				F6032E8C24F3B92100B65B43 /* Debug */,
				F6032E8D24F3B92100B65B43 /* Release */,
			);
			defaultConfigurationIsVisible = 0;
			defaultConfigurationName = Release;
		};
/* End XCConfigurationList section */
	};
	rootObject = F6032E6F24F3B91C00B65B43 /* Project object */;
}
